# THIS IS AN AUTOGENERATED FILE. DO NOT EDIT THIS FILE DIRECTLY.
# yarn lockfile v1


"@colors/colors@1.5.0":
  version "1.5.0"
  resolved "https://registry.yarnpkg.com/@colors/colors/-/colors-1.5.0.tgz#bb504579c1cae923e6576a4f5da43d25f97bdbd9"
  integrity sha512-ooWCrlZP11i8GImSjTHYHLkvFDP48nS4+204nGb1RiX/WXYHmJA2III9/e2DWVabCESdW7hBAEzHRqUn9OUVvQ==

"@nodelib/fs.scandir@2.1.5":
  version "2.1.5"
  resolved "https://registry.yarnpkg.com/@nodelib/fs.scandir/-/fs.scandir-2.1.5.tgz#7619c2eb21b25483f6d167548b4cfd5a7488c3d5"
  integrity sha512-vq24Bq3ym5HEQm2NKCr3yXDwjc7vTsEThRDnkp2DK9p1uqLR+DHurm/NOTo0KG7HYHU7eppKZj3MyqYuMBf62g==
  dependencies:
    "@nodelib/fs.stat" "2.0.5"
    run-parallel "^1.1.9"

"@nodelib/fs.stat@2.0.5", "@nodelib/fs.stat@^2.0.2":
  version "2.0.5"
  resolved "https://registry.yarnpkg.com/@nodelib/fs.stat/-/fs.stat-2.0.5.tgz#5bd262af94e9d25bd1e71b05deed44876a222e8b"
  integrity sha512-RkhPPp2zrqDAQA/2jNhnztcPAlv64XdhIp7a7454A5ovI7Bukxgt7MX7udwAu3zg1DcpPU0rz3VV1SeaqvY4+A==

"@nodelib/fs.walk@^1.2.3":
  version "1.2.8"
  resolved "https://registry.yarnpkg.com/@nodelib/fs.walk/-/fs.walk-1.2.8.tgz#e95737e8bb6746ddedf69c556953494f196fe69a"
  integrity sha512-oGB+UxlgWcgQkgwo8GcEGwemoTFt3FIO9ababBmaGwXIoBKZ+GTy0pP185beGg7Llih/NSHSV2XAs1lnznocSg==
  dependencies:
    "@nodelib/fs.scandir" "2.1.5"
    fastq "^1.6.0"

"@sindresorhus/is@4.6.0", "@sindresorhus/is@^4.2.0":
  version "4.6.0"
  resolved "https://registry.yarnpkg.com/@sindresorhus/is/-/is-4.6.0.tgz#3c7c9c46e678feefe7a2e5bb609d3dbd665ffb3f"
  integrity sha512-t09vSN3MdfsyCHoFcTRCH/iUtG7OJ0CsjzB8cjAmKc/va/kIgeDI/TxsigdncE/4be734m0cvIYwNaV4i2XqAw==

"@szmarczak/http-timer@4.0.6":
  version "4.0.6"
  resolved "https://registry.yarnpkg.com/@szmarczak/http-timer/-/http-timer-4.0.6.tgz#b4a914bb62e7c272d4e5989fe4440f812ab1d807"
  integrity sha512-4BAffykYOgO+5nzBWYwE3W90sBgLJoUPRWWcL8wlyiM8IB8ipJz3UMJ9KXQd1RKQXpKp8Tutn80HZtWsu2u76w==
  dependencies:
    defer-to-connect "^2.0.0"

"@tokenizer/token@^0.3.0":
  version "0.3.0"
  resolved "https://registry.yarnpkg.com/@tokenizer/token/-/token-0.3.0.tgz#fe98a93fe789247e998c75e74e9c7c63217aa276"
  integrity sha512-OvjF+z51L3ov0OyAU0duzsYuvO01PH7x4t6DJx+guahgTnBHkhJdG7soQeTSFLWN3efnHyibZ4Z8l2EuWwJN3A==

"@types/cacheable-request@^6.0.2":
  version "6.0.2"
  resolved "https://registry.yarnpkg.com/@types/cacheable-request/-/cacheable-request-6.0.2.tgz#c324da0197de0a98a2312156536ae262429ff6b9"
  integrity sha512-B3xVo+dlKM6nnKTcmm5ZtY/OL8bOAOd2Olee9M1zft65ox50OzjEHW91sDiU9j6cvW8Ejg1/Qkf4xd2kugApUA==
  dependencies:
    "@types/http-cache-semantics" "*"
    "@types/keyv" "*"
    "@types/node" "*"
    "@types/responselike" "*"

"@types/cheerio@^0.22.31":
  version "0.22.31"
  resolved "https://registry.yarnpkg.com/@types/cheerio/-/cheerio-0.22.31.tgz#b8538100653d6bb1b08a1e46dec75b4f2a5d5eb6"
  integrity sha512-Kt7Cdjjdi2XWSfrZ53v4Of0wG3ZcmaegFXjMmz9tfNrZSkzzo36G0AL1YqSdcIA78Etjt6E609pt5h1xnQkPUw==
  dependencies:
    "@types/node" "*"

"@types/cli-progress@^3.9.2":
  version "3.11.0"
  resolved "https://registry.yarnpkg.com/@types/cli-progress/-/cli-progress-3.11.0.tgz#ec79df99b26757c3d1c7170af8422e0fc95eef7e"
  integrity sha512-XhXhBv1R/q2ahF3BM7qT5HLzJNlIL0wbcGyZVjqOTqAybAnsLisd7gy1UCyIqpL+5Iv6XhlSyzjLCnI2sIdbCg==
  dependencies:
    "@types/node" "*"

"@types/crypto-js@^4.1.1":
  version "4.1.1"
  resolved "https://registry.yarnpkg.com/@types/crypto-js/-/crypto-js-4.1.1.tgz#602859584cecc91894eb23a4892f38cfa927890d"
  integrity sha512-BG7fQKZ689HIoc5h+6D2Dgq1fABRa0RbBWKBd9SP/MVRVXROflpm5fhwyATX5duFmbStzyzyycPB8qUYKDH3NA==

"@types/http-cache-semantics@*":
  version "4.0.1"
  resolved "https://registry.yarnpkg.com/@types/http-cache-semantics/-/http-cache-semantics-4.0.1.tgz#0ea7b61496902b95890dc4c3a116b60cb8dae812"
  integrity sha512-SZs7ekbP8CN0txVG2xVRH6EgKmEm31BOxA07vkFaETzZz1xh+cbt8BcI0slpymvwhx5dlFnQG2rTlPVQn+iRPQ==

"@types/keyv@*":
  version "3.1.4"
  resolved "https://registry.yarnpkg.com/@types/keyv/-/keyv-3.1.4.tgz#3ccdb1c6751b0c7e52300bcdacd5bcbf8faa75b6"
  integrity sha512-BQ5aZNSCpj7D6K2ksrRCTmKRLEpnPvWDiLPfoGyhZ++8YtiK9d/3DBKPJgry359X/P1PfruyYwvnvwFjuEiEIg==
  dependencies:
    "@types/node" "*"

"@types/lodash-es@^4.17.6":
  version "4.17.6"
  resolved "https://registry.yarnpkg.com/@types/lodash-es/-/lodash-es-4.17.6.tgz#c2ed4c8320ffa6f11b43eb89e9eaeec65966a0a0"
  integrity sha512-R+zTeVUKDdfoRxpAryaQNRKk3105Rrgx2CFRClIgRGaqDTdjsm8h6IYA8ir584W3ePzkZfst5xIgDwYrlh9HLg==
  dependencies:
    "@types/lodash" "*"

"@types/lodash@*":
  version "4.14.184"
  resolved "https://registry.yarnpkg.com/@types/lodash/-/lodash-4.14.184.tgz#23f96cd2a21a28e106dc24d825d4aa966de7a9fe"
  integrity sha512-RoZphVtHbxPZizt4IcILciSWiC6dcn+eZ8oX9IWEYfDMcocdd42f7NPI6fQj+6zI8y4E0L7gu2pcZKLGTRaV9Q==

"@types/node@*":
  version "18.7.15"
  resolved "https://registry.yarnpkg.com/@types/node/-/node-18.7.15.tgz#20ae1ec80c57ee844b469f968a1cd511d4088b29"
  integrity sha512-XnjpaI8Bgc3eBag2Aw4t2Uj/49lLBSStHWfqKvIuXD7FIrZyMLWp8KuAFHAqxMZYTF9l08N1ctUn9YNybZJVmQ==

"@types/node@^17.0.24":
  version "17.0.45"
  resolved "https://registry.yarnpkg.com/@types/node/-/node-17.0.45.tgz#2c0fafd78705e7a18b7906b5201a522719dc5190"
  integrity sha512-w+tIMs3rq2afQdsPJlODhoUEKzFP1ayaoyl1CcnwtIlsVe7K7bA1NGm4s3PraqTLlXnbIN84zuBlxBWo1u9BLw==

"@types/prompt@^1.1.2":
  version "1.1.3"
  resolved "https://registry.yarnpkg.com/@types/prompt/-/prompt-1.1.3.tgz#357268cb36fcf91ee3d672d6a198c183ca962bca"
  integrity sha512-y1fMzb7a/mQs4tynU8agMmV8ptbT0dkgNafrdsoEyLtbCggK5COJ/r5DGcaAHB5kdXTGh+8trHlENlsZkm+tOQ==
  dependencies:
    "@types/node" "*"
    "@types/revalidator" "*"

"@types/responselike@*":
  version "3.0.0"
  resolved "https://registry.yarnpkg.com/@types/responselike/-/responselike-3.0.0.tgz#5ecc1fc88552e5ac03de648a7796f9e125d002dc"
  integrity sha512-zfgGLWx5IQOTJgQPD4UfGEhapTKUPC1ra/QCG02y3GUJWrhX05bBf/EfTh3aFj2DKi7cLo+cipXLNclD27tQXQ==
  dependencies:
    responselike "*"

"@types/responselike@^1.0.0":
  version "1.0.0"
  resolved "https://registry.yarnpkg.com/@types/responselike/-/responselike-1.0.0.tgz#251f4fe7d154d2bad125abe1b429b23afd262e29"
  integrity sha512-85Y2BjiufFzaMIlvJDvTTB8Fxl2xfLo4HgmHzVBz08w4wDePCTjYw66PdrolO0kzli3yam/YCgRufyo1DdQVTA==
  dependencies:
    "@types/node" "*"

"@types/revalidator@*":
  version "0.3.8"
  resolved "https://registry.yarnpkg.com/@types/revalidator/-/revalidator-0.3.8.tgz#86e0b03b49736000ad42ce6b002725e74c6805ff"
  integrity sha512-q6KSi3PklLGQ0CesZ/XuLwly4DXXlnJuucYOG9lrBqrP8rKiuPZThav2h2+pFjaheNpnT0qKK3i304QWIePeJw==

adm-zip@^0.5.9:
  version "0.5.9"
  resolved "https://registry.yarnpkg.com/adm-zip/-/adm-zip-0.5.9.tgz#b33691028333821c0cf95c31374c5462f2905a83"
  integrity sha512-s+3fXLkeeLjZ2kLjCBwQufpI5fuN+kIGBxu6530nVQZGVol0d7Y/M88/xw9HGGUcJjKf8LutN3VPRUBq6N7Ajg==

aggregate-error@^4.0.0:
  version "4.0.1"
  resolved "https://registry.yarnpkg.com/aggregate-error/-/aggregate-error-4.0.1.tgz#25091fe1573b9e0be892aeda15c7c66a545f758e"
  integrity sha512-0poP0T7el6Vq3rstR8Mn4V/IQrpBLO6POkUSrN7RhyY+GF/InCFShQzsQ39T25gkHhLgSLByyAz+Kjb+c2L98w==
  dependencies:
    clean-stack "^4.0.0"
    indent-string "^5.0.0"

ansi-regex@^5.0.1:
  version "5.0.1"
  resolved "https://registry.yarnpkg.com/ansi-regex/-/ansi-regex-5.0.1.tgz#082cb2c89c9fe8659a311a53bd6a4dc5301db304"
  integrity sha512-quJQXlTSUGL2LH9SUXo8VwsY4soanhgo6LNSm84E1LBcE8s3O0wpdiRzyR9z/ZZJMlMWv37qOOb9pdJlMUEKFQ==

async-mutex@^0.3.2:
  version "0.3.2"
  resolved "https://registry.yarnpkg.com/async-mutex/-/async-mutex-0.3.2.tgz#1485eda5bda1b0ec7c8df1ac2e815757ad1831df"
  integrity sha512-HuTK7E7MT7jZEh1P9GtRW9+aTWiDWWi9InbZ5hjxrnRa39KS4BW04+xLBhYNS2aXhHUIKZSw3gj4Pn1pj+qGAA==
  dependencies:
    tslib "^2.3.1"

async@3.2.3:
  version "3.2.3"
  resolved "https://registry.yarnpkg.com/async/-/async-3.2.3.tgz#ac53dafd3f4720ee9e8a160628f18ea91df196c9"
  integrity sha512-spZRyzKL5l5BZQrr/6m/SqFdBN0q3OCI0f9rjfBzCMBIP4p75P620rR3gTmaksNOhmzgdxcaxdNfMy6anrbM0g==

async@^3.2.3:
  version "3.2.4"
  resolved "https://registry.yarnpkg.com/async/-/async-3.2.4.tgz#2d22e00f8cddeb5fde5dd33522b56d1cf569a81c"
  integrity sha512-iAB+JbDEGXhyIUavoDl9WP/Jj106Kz9DEn1DPgYw5ruDn0e3Wgi3sKFm55sASdGBNOQB8F59d9qQ7deqrHA8wQ==

boolbase@^1.0.0:
  version "1.0.0"
  resolved "https://registry.yarnpkg.com/boolbase/-/boolbase-1.0.0.tgz#68dff5fbe60c51eb37725ea9e3ed310dcc1e776e"
  integrity sha512-JZOSA7Mo9sNGB8+UjSgzdLtokWAky1zbztM3WRLCbZ70/3cTANmQmOdR7y2g+J0e2WXywy1yS468tY+IruqEww==

braces@^3.0.2:
  version "3.0.2"
  resolved "https://registry.yarnpkg.com/braces/-/braces-3.0.2.tgz#3454e1a462ee8d599e236df336cd9ea4f8afe107"
  integrity sha512-b8um+L1RzM3WDSzvhm6gIz1yfTbBt6YTlcEKAvsmqCZZFw46z626lVj9j1yEPW33H5H+lBQpZMP1k8l+78Ha0A==
  dependencies:
    fill-range "^7.0.1"

browserslist@^4.21.1:
  version "4.21.3"
  resolved "https://registry.yarnpkg.com/browserslist/-/browserslist-4.21.3.tgz#5df277694eb3c48bc5c4b05af3e8b7e09c5a6d1a"
  integrity sha512-898rgRXLAyRkM1GryrrBHGkqA5hlpkV5MhtZwg9QXeiyLUYs2k00Un05aX5l2/yJIOObYKOpS2JNo8nJDE7fWQ==
  dependencies:
    caniuse-lite "^1.0.30001370"
    electron-to-chromium "^1.4.202"
    node-releases "^2.0.6"
    update-browserslist-db "^1.0.5"

cacheable-lookup@^6.0.4:
  version "6.1.0"
  resolved "https://registry.yarnpkg.com/cacheable-lookup/-/cacheable-lookup-6.1.0.tgz#0330a543471c61faa4e9035db583aad753b36385"
  integrity sha512-KJ/Dmo1lDDhmW2XDPMo+9oiy/CeqosPguPCrgcVzKyZrL6pM1gU2GmPY/xo6OQPTUaA/c0kwHuywB4E6nmT9ww==

cacheable-request@^7.0.2:
  version "7.0.2"
  resolved "https://registry.yarnpkg.com/cacheable-request/-/cacheable-request-7.0.2.tgz#ea0d0b889364a25854757301ca12b2da77f91d27"
  integrity sha512-pouW8/FmiPQbuGpkXQ9BAPv/Mo5xDGANgSNXzTzJ8DrKGuXOssM4wIQRjfanNRh3Yu5cfYPvcorqbhg2KIJtew==
  dependencies:
    clone-response "^1.0.2"
    get-stream "^5.1.0"
    http-cache-semantics "^4.0.0"
    keyv "^4.0.0"
    lowercase-keys "^2.0.0"
    normalize-url "^6.0.1"
    responselike "^2.0.0"

callsites@^3.1.0:
  version "3.1.0"
  resolved "https://registry.yarnpkg.com/callsites/-/callsites-3.1.0.tgz#b3630abd8943432f54b3f0519238e33cd7df2f73"
  integrity sha512-P8BjAsXvZS+VIDUI11hHCQEv74YT67YUi5JJFNWIqL235sBmjX4+qx9Muvls5ivyNENctx46xQLQ3aTuE7ssaQ==

caniuse-lite@^1.0.30001370:
  version "1.0.30001390"
  resolved "https://registry.yarnpkg.com/caniuse-lite/-/caniuse-lite-1.0.30001390.tgz#158a43011e7068ef7fc73590e9fd91a7cece5e7f"
  integrity sha512-sS4CaUM+/+vqQUlCvCJ2WtDlV81aWtHhqeEVkLokVJJa3ViN4zDxAGfq9R8i1m90uGHxo99cy10Od+lvn3hf0g==

chalk@^5.0.1:
  version "5.0.1"
  resolved "https://registry.yarnpkg.com/chalk/-/chalk-5.0.1.tgz#ca57d71e82bb534a296df63bbacc4a1c22b2a4b6"
  integrity sha512-Fo07WOYGqMfCWHOzSXOt2CxDbC6skS/jO9ynEcmpANMoPrD+W1r1K6Vx7iNm+AQmETU1Xr2t+n8nzkV9t6xh3w==

cheerio-select@^2.1.0:
  version "2.1.0"
  resolved "https://registry.yarnpkg.com/cheerio-select/-/cheerio-select-2.1.0.tgz#4d8673286b8126ca2a8e42740d5e3c4884ae21b4"
  integrity sha512-9v9kG0LvzrlcungtnJtpGNxY+fzECQKhK4EGJX2vByejiMX84MFNQw4UxPJl3bFbTMw+Dfs37XaIkCwTZfLh4g==
  dependencies:
    boolbase "^1.0.0"
    css-select "^5.1.0"
    css-what "^6.1.0"
    domelementtype "^2.3.0"
    domhandler "^5.0.3"
    domutils "^3.0.1"

cheerio@^1.0.0-rc.10:
  version "1.0.0-rc.12"
  resolved "https://registry.yarnpkg.com/cheerio/-/cheerio-1.0.0-rc.12.tgz#788bf7466506b1c6bf5fae51d24a2c4d62e47683"
  integrity sha512-VqR8m68vM46BNnuZ5NtnGBKIE/DfN0cRIzg9n40EIq9NOv90ayxLBXA8fXC5gquFRGJSTRqBq25Jt2ECLR431Q==
  dependencies:
    cheerio-select "^2.1.0"
    dom-serializer "^2.0.0"
    domhandler "^5.0.3"
    domutils "^3.0.1"
    htmlparser2 "^8.0.1"
    parse5 "^7.0.0"
    parse5-htmlparser2-tree-adapter "^7.0.0"

clean-stack@^4.0.0:
  version "4.2.0"
  resolved "https://registry.yarnpkg.com/clean-stack/-/clean-stack-4.2.0.tgz#c464e4cde4ac789f4e0735c5d75beb49d7b30b31"
  integrity sha512-LYv6XPxoyODi36Dp976riBtSY27VmFo+MKqEU9QCCWyTrdEPDog+RWA7xQWHi6Vbp61j5c4cdzzX1NidnwtUWg==
  dependencies:
    escape-string-regexp "5.0.0"

cli-progress@^3.10.0:
  version "3.11.2"
  resolved "https://registry.yarnpkg.com/cli-progress/-/cli-progress-3.11.2.tgz#f8c89bd157e74f3f2c43bcfb3505670b4d48fc77"
  integrity sha512-lCPoS6ncgX4+rJu5bS3F/iCz17kZ9MPZ6dpuTtI0KXKABkhyXIdYB3Inby1OpaGti3YlI3EeEkM9AuWpelJrVA==
  dependencies:
    string-width "^4.2.3"

clone-response@^1.0.2:
  version "1.0.3"
  resolved "https://registry.yarnpkg.com/clone-response/-/clone-response-1.0.3.tgz#af2032aa47816399cf5f0a1d0db902f517abb8c3"
  integrity sha512-ROoL94jJH2dUVML2Y/5PEDNaSHgeOdSDicUyS7izcF63G6sTc/FTjLub4b8Il9S8S0beOfYt0TaA5qvFK+w0wA==
  dependencies:
    mimic-response "^1.0.0"

colors@1.0.x:
  version "1.0.3"
  resolved "https://registry.yarnpkg.com/colors/-/colors-1.0.3.tgz#0433f44d809680fdeb60ed260f1b0c262e82a40b"
  integrity sha512-pFGrxThWcWQ2MsAz6RtgeWe4NK2kUE1WfsrvvlctdII745EW9I0yflqhe7++M5LEc7bV2c/9/5zc8sFcpL0Drw==

crypto-js@^4.1.1:
  version "4.1.1"
  resolved "https://registry.yarnpkg.com/crypto-js/-/crypto-js-4.1.1.tgz#9e485bcf03521041bd85844786b83fb7619736cf"
  integrity sha512-o2JlM7ydqd3Qk9CA0L4NL6mTzU2sdx96a+oOfPu8Mkl/PK51vSyoi8/rQ8NknZtk44vq15lmhAj9CIAGwgeWKw==

css-select@^5.1.0:
  version "5.1.0"
  resolved "https://registry.yarnpkg.com/css-select/-/css-select-5.1.0.tgz#b8ebd6554c3637ccc76688804ad3f6a6fdaea8a6"
  integrity sha512-nwoRF1rvRRnnCqqY7updORDsuqKzqYJ28+oSMaJMMgOauh3fvwHqMS7EZpIPqK8GL+g9mKxF1vP/ZjSeNjEVHg==
  dependencies:
    boolbase "^1.0.0"
    css-what "^6.1.0"
    domhandler "^5.0.2"
    domutils "^3.0.1"
    nth-check "^2.0.1"

css-what@^6.1.0:
  version "6.1.0"
  resolved "https://registry.yarnpkg.com/css-what/-/css-what-6.1.0.tgz#fb5effcf76f1ddea2c81bdfaa4de44e79bac70f4"
  integrity sha512-HTUrgRJ7r4dsZKU6GjmpfRK1O76h97Z8MfS1G0FozR+oF2kG6Vfe8JE6zwrkbxigziPHinCJ+gCPjA9EaBDtRw==

cycle@1.0.x:
  version "1.0.3"
  resolved "https://registry.yarnpkg.com/cycle/-/cycle-1.0.3.tgz#21e80b2be8580f98b468f379430662b046c34ad2"
  integrity sha512-TVF6svNzeQCOpjCqsy0/CSy8VgObG3wXusJ73xW2GbG5rGx7lC8zxDSURicsXI2UsGdi2L0QNRCi745/wUDvsA==

decompress-response@^6.0.0:
  version "6.0.0"
  resolved "https://registry.yarnpkg.com/decompress-response/-/decompress-response-6.0.0.tgz#ca387612ddb7e104bd16d85aab00d5ecf09c66fc"
  integrity sha512-aW35yZM6Bb/4oJlZncMH2LCoZtJXTRxES17vE3hoRiowU2kWHaJKFkSBDnDR+cm9J+9QhXmREyIfv0pji9ejCQ==
  dependencies:
    mimic-response "^3.1.0"

defer-to-connect@^2.0.0:
  version "2.0.1"
  resolved "https://registry.yarnpkg.com/defer-to-connect/-/defer-to-connect-2.0.1.tgz#8016bdb4143e4632b77a3449c6236277de520587"
  integrity sha512-4tvttepXG1VaYGrRibk5EwJd1t4udunSOVMdLSAL6mId1ix438oPwPZMALY41FCijukO1L0twNcGsdzS7dHgDg==

dir-glob@^3.0.1:
  version "3.0.1"
  resolved "https://registry.yarnpkg.com/dir-glob/-/dir-glob-3.0.1.tgz#56dbf73d992a4a93ba1584f4534063fd2e41717f"
  integrity sha512-WkrWp9GR4KXfKGYzOLmTuGVi1UWFfws377n9cc55/tb6DuqyF6pcQ5AbiHEshaDpY9v6oaSr2XCDidGmMwdzIA==
  dependencies:
    path-type "^4.0.0"

dom-serializer@^2.0.0:
  version "2.0.0"
  resolved "https://registry.yarnpkg.com/dom-serializer/-/dom-serializer-2.0.0.tgz#e41b802e1eedf9f6cae183ce5e622d789d7d8e53"
  integrity sha512-wIkAryiqt/nV5EQKqQpo3SToSOV9J0DnbJqwK7Wv/Trc92zIAYZ4FlMu+JPFW1DfGFt81ZTCGgDEabffXeLyJg==
  dependencies:
    domelementtype "^2.3.0"
    domhandler "^5.0.2"
    entities "^4.2.0"

domelementtype@^2.3.0:
  version "2.3.0"
  resolved "https://registry.yarnpkg.com/domelementtype/-/domelementtype-2.3.0.tgz#5c45e8e869952626331d7aab326d01daf65d589d"
  integrity sha512-OLETBj6w0OsagBwdXnPdN0cnMfF9opN69co+7ZrbfPGrdpPVNBUj02spi6B1N7wChLQiPn4CSH/zJvXw56gmHw==

domhandler@^5.0.1, domhandler@^5.0.2, domhandler@^5.0.3:
  version "5.0.3"
  resolved "https://registry.yarnpkg.com/domhandler/-/domhandler-5.0.3.tgz#cc385f7f751f1d1fc650c21374804254538c7d31"
  integrity sha512-cgwlv/1iFQiFnU96XXgROh8xTeetsnJiDsTc7TYCLFd9+/WNkIqPTxiM/8pSd8VIrhXGTf1Ny1q1hquVqDJB5w==
  dependencies:
    domelementtype "^2.3.0"

domutils@^3.0.1:
  version "3.0.1"
  resolved "https://registry.yarnpkg.com/domutils/-/domutils-3.0.1.tgz#696b3875238338cb186b6c0612bd4901c89a4f1c"
  integrity sha512-z08c1l761iKhDFtfXO04C7kTdPBLi41zwOZl00WS8b5eiaebNpY00HKbztwBq+e3vyqWNwWF3mP9YLUeqIrF+Q==
  dependencies:
    dom-serializer "^2.0.0"
    domelementtype "^2.3.0"
    domhandler "^5.0.1"

dot-prop@^6.0.1:
  version "6.0.1"
  resolved "https://registry.yarnpkg.com/dot-prop/-/dot-prop-6.0.1.tgz#fc26b3cf142b9e59b74dbd39ed66ce620c681083"
  integrity sha512-tE7ztYzXHIeyvc7N+hR3oi7FIbf/NIjVP9hmAt3yMXzrQ072/fpjGLx2GxNxGxUl5V73MEqYzioOMoVhGMJ5cA==
  dependencies:
    is-obj "^2.0.0"

electron-to-chromium@^1.4.202:
  version "1.4.242"
  resolved "https://registry.yarnpkg.com/electron-to-chromium/-/electron-to-chromium-1.4.242.tgz#51284820b0e6f6ce6c60d3945a3c4f9e4bd88f5f"
  integrity sha512-nPdgMWtjjWGCtreW/2adkrB2jyHjClo9PtVhR6rW+oxa4E4Wom642Tn+5LslHP3XPL5MCpkn5/UEY60EXylNeQ==

emoji-regex@^8.0.0:
  version "8.0.0"
  resolved "https://registry.yarnpkg.com/emoji-regex/-/emoji-regex-8.0.0.tgz#e818fd69ce5ccfcb404594f842963bf53164cc37"
  integrity sha512-MSjYzcWNOA0ewAHpz0MxpYFvwg6yjy1NG3xteoqz644VCo/RPgnr1/GGt+ic3iJTzQ8Eu3TdM14SawnVUmGE6A==

end-of-stream@^1.1.0:
  version "1.4.4"
  resolved "https://registry.yarnpkg.com/end-of-stream/-/end-of-stream-1.4.4.tgz#5ae64a5f45057baf3626ec14da0ca5e4b2431eb0"
  integrity sha512-+uw1inIHVPQoaVuHzRyXd21icM+cnt4CzD5rW+NC1wjOUSTOs+Te7FOv7AhN7vS9x/oIyhLP5PR1H+phQAHu5Q==
  dependencies:
    once "^1.4.0"

entities@^4.2.0, entities@^4.3.0, entities@^4.4.0:
  version "4.4.0"
  resolved "https://registry.yarnpkg.com/entities/-/entities-4.4.0.tgz#97bdaba170339446495e653cfd2db78962900174"
  integrity sha512-oYp7156SP8LkeGD0GF85ad1X9Ai79WtRsZ2gxJqtBuzH+98YUV6jkHEKlZkMbcrjJjIVJNIDP/3WL9wQkoPbWA==

escalade@^3.1.1:
  version "3.1.1"
  resolved "https://registry.yarnpkg.com/escalade/-/escalade-3.1.1.tgz#d8cfdc7000965c5a0174b4a82eaa5c0552742e40"
  integrity sha512-k0er2gUkLf8O0zKJiAhmkTnJlTvINGv7ygDNPbeIsX/TJjGJZHuh9B2UxbsaEkmlEo9MfhrSzmhIlhRlI2GXnw==

escape-string-regexp@5.0.0:
  version "5.0.0"
  resolved "https://registry.yarnpkg.com/escape-string-regexp/-/escape-string-regexp-5.0.0.tgz#4683126b500b61762f2dbebace1806e8be31b1c8"
  integrity sha512-/veY75JbMK4j1yjvuUxuVsiS/hr/4iHs9FTT6cgTexxdE0Ly/glccBAkloH/DofkjRbZU3bnoj38mOmhkZ0lHw==

eyes@0.1.x:
  version "0.1.8"
  resolved "https://registry.yarnpkg.com/eyes/-/eyes-0.1.8.tgz#62cf120234c683785d902348a800ef3e0cc20bc0"
  integrity sha512-GipyPsXO1anza0AOZdy69Im7hGFCNB7Y/NGjDlZGJ3GJJLtwNSb2vrzYrTYJRrRloVx7pl+bhUaTB8yiccPvFQ==

fast-glob@^3.2.11:
  version "3.2.11"
  resolved "https://registry.yarnpkg.com/fast-glob/-/fast-glob-3.2.11.tgz#a1172ad95ceb8a16e20caa5c5e56480e5129c1d9"
  integrity sha512-xrO3+1bxSo3ZVHAnqzyuewYT6aMFHRAd4Kcs92MAonjwQZLsK9d0SF1IyQ3k5PoirxTW0Oe/RqFgMQ6TcNE5Ew==
  dependencies:
    "@nodelib/fs.stat" "^2.0.2"
    "@nodelib/fs.walk" "^1.2.3"
    glob-parent "^5.1.2"
    merge2 "^1.3.0"
    micromatch "^4.0.4"

fastq@^1.6.0:
  version "1.13.0"
  resolved "https://registry.yarnpkg.com/fastq/-/fastq-1.13.0.tgz#616760f88a7526bdfc596b7cab8c18938c36b98c"
  integrity sha512-YpkpUnK8od0o1hmeSc7UUs/eB/vIPWJYjKck2QKIzAf71Vm1AAQ3EbuZB3g2JIy+pg+ERD0vqI79KyZiB2e2Nw==
  dependencies:
    reusify "^1.0.4"

file-type@^17.1.1:
  version "17.1.6"
  resolved "https://registry.yarnpkg.com/file-type/-/file-type-17.1.6.tgz#18669e0577a4849ef6e73a41f8bdf1ab5ae21023"
  integrity sha512-hlDw5Ev+9e883s0pwUsuuYNu4tD7GgpUnOvykjv1Gya0ZIjuKumthDRua90VUn6/nlRKAjcxLUnHNTIUWwWIiw==
  dependencies:
    readable-web-to-node-stream "^3.0.2"
    strtok3 "^7.0.0-alpha.9"
    token-types "^5.0.0-alpha.2"

fill-range@^7.0.1:
  version "7.0.1"
  resolved "https://registry.yarnpkg.com/fill-range/-/fill-range-7.0.1.tgz#1919a6a7c75fe38b2c7c77e5198535da9acdda40"
  integrity sha512-qOo9F+dMUmC2Lcb4BbVvnKJxTPjCm+RRpe4gDuGrzkL7mEVl/djYSu2OdQ2Pa302N4oqkSg9ir6jaLWJ2USVpQ==
  dependencies:
    to-regex-range "^5.0.1"

form-data-encoder@1.7.2:
  version "1.7.2"
  resolved "https://registry.yarnpkg.com/form-data-encoder/-/form-data-encoder-1.7.2.tgz#1f1ae3dccf58ed4690b86d87e4f57c654fbab040"
  integrity sha512-qfqtYan3rxrnCk1VYaA4H+Ms9xdpPqvLZa6xmMgFvhO32x7/3J/ExcTd6qpxM0vH2GdMI+poehyBZvqfMTto8A==

generative-bayesian-network@^2.0.4, generative-bayesian-network@^2.0.8:
  version "2.0.8"
  resolved "https://registry.yarnpkg.com/generative-bayesian-network/-/generative-bayesian-network-2.0.8.tgz#8c2054c377447f9add76309af5582522c10736a4"
  integrity sha512-0AsV5ytT/JSGN+FRoS2uFDd0g7QtQKNJRAMlN/r4EdSoRQnYAWNUEH8livG7szxEXm812u7Q3+Jx7QZt6Z141w==
  dependencies:
    adm-zip "^0.5.9"
    tslib "^2.4.0"

get-stream@^5.1.0:
  version "5.2.0"
  resolved "https://registry.yarnpkg.com/get-stream/-/get-stream-5.2.0.tgz#4966a1795ee5ace65e706c4b7beb71257d6e22d3"
  integrity sha512-nBF+F1rAZVCu/p7rjzgA+Yb4lfYXrpl7a6VmJrU8wF9I1CKvP/QwPNZHnOlwbTkY6dvtFIzFMSyQXbLoTQPRpA==
  dependencies:
    pump "^3.0.0"

get-stream@^6.0.1:
  version "6.0.1"
  resolved "https://registry.yarnpkg.com/get-stream/-/get-stream-6.0.1.tgz#a262d8eef67aced57c2852ad6167526a43cbf7b7"
  integrity sha512-ts6Wi+2j3jQjqi70w5AlN8DFnkSwC+MqmxEzdEALB2qXZYV3X/b1CTfgPLGJNMeAWxdPfU8FO1ms3NUfaHCPYg==

glob-parent@^5.1.2:
  version "5.1.2"
  resolved "https://registry.yarnpkg.com/glob-parent/-/glob-parent-5.1.2.tgz#869832c58034fe68a4093c17dc15e8340d8401c4"
  integrity sha512-AOIgSQCepiJYwP3ARnGx+5VnTu2HBYdzbGP45eLw1vr3zB3vZLeyed1sC9hnbcOc9/SrMyM5RPQrkGz4aS9Zow==
  dependencies:
    is-glob "^4.0.1"

globby@^13.1.2:
  version "13.1.2"
  resolved "https://registry.yarnpkg.com/globby/-/globby-13.1.2.tgz#29047105582427ab6eca4f905200667b056da515"
  integrity sha512-LKSDZXToac40u8Q1PQtZihbNdTYSNMuWe+K5l+oa6KgDzSvVrHXlJy40hUP522RjAIoNLJYBJi7ow+rbFpIhHQ==
  dependencies:
    dir-glob "^3.0.1"
    fast-glob "^3.2.11"
    ignore "^5.2.0"
    merge2 "^1.4.1"
    slash "^4.0.0"

got-cjs@12.3.1, got-cjs@^12.0.4:
  version "12.3.1"
  resolved "https://registry.yarnpkg.com/got-cjs/-/got-cjs-12.3.1.tgz#bbf778f4c5c437a929b92f8ba8daa1925bdc01db"
  integrity sha512-FeIc0hmE/bkAeIsXrprCqikH1a1Z4UqIkuFSV8jTmStFtEqoFI8rwhdpqPvLoCJcoYTJJlADpW1NVtuWjR8Q8Q==
  dependencies:
    "@sindresorhus/is" "4.6.0"
    "@szmarczak/http-timer" "4.0.6"
    "@types/cacheable-request" "^6.0.2"
    "@types/responselike" "^1.0.0"
    cacheable-lookup "^6.0.4"
    cacheable-request "^7.0.2"
    decompress-response "^6.0.0"
    form-data-encoder "1.7.2"
    get-stream "^6.0.1"
    http2-wrapper "^2.1.10"
    lowercase-keys "2.0.0"
    p-cancelable "2.1.1"
    responselike "^2.0.0"

got-scraping@^3.2.8:
  version "3.2.10"
  resolved "https://registry.yarnpkg.com/got-scraping/-/got-scraping-3.2.10.tgz#6b7b38fa7106b0b486fe92a54c3cf78d0f23b457"
  integrity sha512-bu+8kcnZqlQlKU4rIVuHrC1up9HzcNM83VtWYCHkpJk+mVyt2+ThZIy5dHhOlxsjqXPB2/7TFFh/4rlweuF5IQ==
  dependencies:
    got-cjs "12.3.1"
    header-generator "2.0.6"
    http2-wrapper "^2.1.11"
    mimic-response "^3.1.0"
    ow "^0.28.1"
    quick-lru "^5.1.1"
    tslib "^2.4.0"

header-generator@2.0.6:
  version "2.0.6"
  resolved "https://registry.yarnpkg.com/header-generator/-/header-generator-2.0.6.tgz#864b6312b99bbaae061c7d750f789c4f56fe430f"
  integrity sha512-+5yyn4LQPV+WVx1tmAlVBOdKTp1nXKlz+MW5MWN3tdoSERS/QCQbYUm+jAgE98ZBuP8tcOgVkU2aLIpnfXuBJA==
  dependencies:
    browserslist "^4.21.1"
    generative-bayesian-network "^2.0.4"
    ow "^0.28.1"
    tslib "^2.4.0"

header-generator@^2.0.0-beta.9:
  version "2.0.9"
  resolved "https://registry.yarnpkg.com/header-generator/-/header-generator-2.0.9.tgz#d1cef3d6a22ab32b1abc2678906c1c3c1e93af92"
  integrity sha512-AIVDjpCGboqPOCci9o6txBJ6JAxFYSHM8GDbPaCoEmzzDlo5BuvdD1gWX/StD4aDB8KMWFlKwXU8SDi+5Xc21Q==
  dependencies:
    browserslist "^4.21.1"
    generative-bayesian-network "^2.0.8"
    ow "^0.28.1"
    tslib "^2.4.0"

htmlparser2@^8.0.1:
  version "8.0.1"
  resolved "https://registry.yarnpkg.com/htmlparser2/-/htmlparser2-8.0.1.tgz#abaa985474fcefe269bc761a779b544d7196d010"
  integrity sha512-4lVbmc1diZC7GUJQtRQ5yBAeUCL1exyMwmForWkRLnwyzWBFxN633SALPMGYaWZvKe9j1pRZJpauvmxENSp/EA==
  dependencies:
    domelementtype "^2.3.0"
    domhandler "^5.0.2"
    domutils "^3.0.1"
    entities "^4.3.0"

http-cache-semantics@^4.0.0:
  version "4.1.0"
  resolved "https://registry.yarnpkg.com/http-cache-semantics/-/http-cache-semantics-4.1.0.tgz#49e91c5cbf36c9b94bcfcd71c23d5249ec74e390"
  integrity sha512-carPklcUh7ROWRK7Cv27RPtdhYhUsela/ue5/jKzjegVvXDqM2ILE9Q2BGn9JZJh1g87cp56su/FgQSzcWS8cQ==

http2-wrapper@^2.1.10, http2-wrapper@^2.1.11:
  version "2.1.11"
  resolved "https://registry.yarnpkg.com/http2-wrapper/-/http2-wrapper-2.1.11.tgz#d7c980c7ffb85be3859b6a96c800b2951ae257ef"
  integrity sha512-aNAk5JzLturWEUiuhAN73Jcbq96R7rTitAoXV54FYMatvihnpD2+6PUgU4ce3D/m5VDbw+F5CsyKSF176ptitQ==
  dependencies:
    quick-lru "^5.1.1"
    resolve-alpn "^1.2.0"

ieee754@^1.2.1:
  version "1.2.1"
  resolved "https://registry.yarnpkg.com/ieee754/-/ieee754-1.2.1.tgz#8eb7a10a63fff25d15a57b001586d177d1b0d352"
  integrity sha512-dcyqhDvX1C46lXZcVqCpK+FtMRQVdIMN6/Df5js2zouUsqG7I6sFxitIC+7KYK29KdXOLHdu9zL4sFnoVQnqaA==

ignore@^5.2.0:
  version "5.2.0"
  resolved "https://registry.yarnpkg.com/ignore/-/ignore-5.2.0.tgz#6d3bac8fa7fe0d45d9f9be7bac2fc279577e345a"
  integrity sha512-CmxgYGiEPCLhfLnpPp1MoRmifwEIOgjcHXxOBjv7mY96c+eWScsOP9c112ZyLdWHi0FxHjI+4uVhKYp/gcdRmQ==

indent-string@^5.0.0:
  version "5.0.0"
  resolved "https://registry.yarnpkg.com/indent-string/-/indent-string-5.0.0.tgz#4fd2980fccaf8622d14c64d694f4cf33c81951a5"
  integrity sha512-m6FAo/spmsW2Ab2fU35JTYwtOKa2yAwXSwgjSv1TJzh4Mh7mC3lzAOVLBprb72XsTrgkEIsl7YrFNAiDiRhIGg==

inherits@^2.0.3:
  version "2.0.4"
  resolved "https://registry.yarnpkg.com/inherits/-/inherits-2.0.4.tgz#0fa2c64f932917c3433a0ded55363aae37416b7c"
  integrity sha512-k/vGaX4/Yla3WzyMCvTQOXYeIHvqOKtnqBduzTHpzpQZzAskKMhZ2K+EnBiSM9zGSoIFeMpXKxa4dYeZIQqewQ==

is-extglob@^2.1.1:
  version "2.1.1"
  resolved "https://registry.yarnpkg.com/is-extglob/-/is-extglob-2.1.1.tgz#a88c02535791f02ed37c76a1b9ea9773c833f8c2"
  integrity sha512-SbKbANkN603Vi4jEZv49LeVJMn4yGwsbzZworEoyEiutsN3nJYdbO36zfhGJ6QEDpOZIFkDtnq5JRxmvl3jsoQ==

is-fullwidth-code-point@^3.0.0:
  version "3.0.0"
  resolved "https://registry.yarnpkg.com/is-fullwidth-code-point/-/is-fullwidth-code-point-3.0.0.tgz#f116f8064fe90b3f7844a38997c0b75051269f1d"
  integrity sha512-zymm5+u+sCsSWyD9qNaejV3DFvhCKclKdizYaJUuHA83RLjb7nSuGnddCHGv0hk+KY7BMAlsWeK4Ueg6EV6XQg==

is-glob@^4.0.1:
  version "4.0.3"
  resolved "https://registry.yarnpkg.com/is-glob/-/is-glob-4.0.3.tgz#64f61e42cbbb2eec2071a9dac0b28ba1e65d5084"
  integrity sha512-xelSayHH36ZgE7ZWhli7pW34hNbNl8Ojv5KVmkJD4hBdD3th8Tfk9vYasLM+mXWOZhFkgZfxhLSnrwRr4elSSg==
  dependencies:
    is-extglob "^2.1.1"

is-number@^7.0.0:
  version "7.0.0"
  resolved "https://registry.yarnpkg.com/is-number/-/is-number-7.0.0.tgz#7535345b896734d5f80c4d06c50955527a14f12b"
  integrity sha512-41Cifkg6e8TylSpdtTpeLVMqvSBEVzTttHvERD741+pnZ8ANv0004MRL43QKPDlK9cGvNp6NZWZUBlbGXYxxng==

is-obj@^2.0.0:
  version "2.0.0"
  resolved "https://registry.yarnpkg.com/is-obj/-/is-obj-2.0.0.tgz#473fb05d973705e3fd9620545018ca8e22ef4982"
  integrity sha512-drqDG3cbczxxEJRoOXcOjtdp1J/lyp1mNn0xaznRs8+muBhgQcrnbspox5X5fOw0HnMnbfDzvnEMEtqDEJEo8w==

iso-639-1@^2.1.15:
  version "2.1.15"
  resolved "https://registry.yarnpkg.com/iso-639-1/-/iso-639-1-2.1.15.tgz#20cf78a4f691aeb802c16f17a6bad7d99271e85d"
  integrity sha512-7c7mBznZu2ktfvyT582E2msM+Udc1EjOyhVRE/0ZsjD9LBtWSm23h3PtiRh2a35XoUsTQQjJXaJzuLjXsOdFDg==

isstream@0.1.x:
  version "0.1.2"
  resolved "https://registry.yarnpkg.com/isstream/-/isstream-0.1.2.tgz#47e63f7af55afa6f92e1500e690eb8b8529c099a"
  integrity sha512-Yljz7ffyPbrLpLngrMtZ7NduUgVvi6wG9RJ9IUcyCd59YQ911PBJphODUcbOVbqYfxe1wuYf/LJ8PauMRwsM/g==

json-buffer@3.0.1:
  version "3.0.1"
  resolved "https://registry.yarnpkg.com/json-buffer/-/json-buffer-3.0.1.tgz#9338802a30d3b6605fbe0613e094008ca8c05a13"
  integrity sha512-4bV5BfR2mqfQTJm+V5tPPdf+ZpuhiIvTuAB5g8kcrXOZpTT/QwwVRWBywX1ozr6lEuPdbHxwaJlm9G6mI2sfSQ==

keyv@^4.0.0:
  version "4.5.0"
  resolved "https://registry.yarnpkg.com/keyv/-/keyv-4.5.0.tgz#dbce9ade79610b6e641a9a65f2f6499ba06b9bc6"
  integrity sha512-2YvuMsA+jnFGtBareKqgANOEKe1mk3HKiXu2fRmAfyxG0MJAywNhi5ttWA3PMjl4NmpyjZNbFifR2vNjW1znfA==
  dependencies:
    json-buffer "3.0.1"

lodash-es@^4.17.21:
  version "4.17.21"
  resolved "https://registry.yarnpkg.com/lodash-es/-/lodash-es-4.17.21.tgz#43e626c46e6591b7750beb2b50117390c609e3ee"
  integrity sha512-mKnC+QJ9pWVzv+C4/U3rRsHapFfHvQFoFB92e52xeyGMcX6/OlIl78je1u8vePzYZSkkogMPJ2yjxxsb89cxyw==

lodash.isequal@^4.5.0:
  version "4.5.0"
  resolved "https://registry.yarnpkg.com/lodash.isequal/-/lodash.isequal-4.5.0.tgz#415c4478f2bcc30120c22ce10ed3226f7d3e18e0"
  integrity sha512-pDo3lu8Jhfjqls6GkMgpahsF9kCyayhgykjyLMNFTKWrpVdAQtYyB4muAMWozBB4ig/dtWAmsMxLEI8wuz+DYQ==

lowercase-keys@2.0.0, lowercase-keys@^2.0.0:
  version "2.0.0"
  resolved "https://registry.yarnpkg.com/lowercase-keys/-/lowercase-keys-2.0.0.tgz#2603e78b7b4b0006cbca2fbcc8a3202558ac9479"
  integrity sha512-tqNXrS78oMOE73NMxK4EMLQsQowWf8jKooH9g7xPavRT706R6bkQJ6DY2Te7QukaZsulxa30wQ7bk0pm4XiHmA==

lowercase-keys@^3.0.0:
  version "3.0.0"
  resolved "https://registry.yarnpkg.com/lowercase-keys/-/lowercase-keys-3.0.0.tgz#c5e7d442e37ead247ae9db117a9d0a467c89d4f2"
  integrity sha512-ozCC6gdQ+glXOQsveKD0YsDy8DSQFjDTz4zyzEHNV5+JP5D62LmfDZ6o1cycFx9ouG940M5dE8C8CTewdj2YWQ==

merge2@^1.3.0, merge2@^1.4.1:
  version "1.4.1"
  resolved "https://registry.yarnpkg.com/merge2/-/merge2-1.4.1.tgz#4368892f885e907455a6fd7dc55c0c9d404990ae"
  integrity sha512-8q7VEgMJW4J8tcfVPy8g09NcQwZdbwFEqhe/WZkoIzjn/3TGDwtOCYtXGxA3O8tPzpczCCDgv+P2P5y00ZJOOg==

micromatch@^4.0.4:
  version "4.0.5"
  resolved "https://registry.yarnpkg.com/micromatch/-/micromatch-4.0.5.tgz#bc8999a7cbbf77cdc89f132f6e467051b49090c6"
  integrity sha512-DMy+ERcEW2q8Z2Po+WNXuw3c5YaUSFjAO5GsJqfEl7UjvtIuFKO6ZrKvcItdy98dwFI2N1tg3zNIdKaQT+aNdA==
  dependencies:
    braces "^3.0.2"
    picomatch "^2.3.1"

mimic-response@^1.0.0:
  version "1.0.1"
  resolved "https://registry.yarnpkg.com/mimic-response/-/mimic-response-1.0.1.tgz#4923538878eef42063cb8a3e3b0798781487ab1b"
  integrity sha512-j5EctnkH7amfV/q5Hgmoal1g2QHFJRraOtmx0JpIqkxhBhI/lJSl1nMpQ45hVarwNETOoWEimndZ4QK0RHxuxQ==

mimic-response@^3.1.0:
  version "3.1.0"
  resolved "https://registry.yarnpkg.com/mimic-response/-/mimic-response-3.1.0.tgz#2d1d59af9c1b129815accc2c46a022a5ce1fa3c9"
  integrity sha512-z0yWI+4FDrrweS8Zmt4Ej5HdJmky15+L2e6Wgn3+iK5fWzb6T3fhNFq2+MeTRb064c6Wr4N/wv0DzQTjNzHNGQ==

mute-stream@~0.0.4:
  version "0.0.8"
  resolved "https://registry.yarnpkg.com/mute-stream/-/mute-stream-0.0.8.tgz#1630c42b2251ff81e2a283de96a5497ea92e5e0d"
  integrity sha512-nnbWWOkoWyUsTjKrhgD0dcz22mdkSnpYqbEjIm2nhwhuxlSkpywJmBo8h0ZqJdkp73mb90SssHkN4rsRaBAfAA==

node-releases@^2.0.6:
  version "2.0.6"
  resolved "https://registry.yarnpkg.com/node-releases/-/node-releases-2.0.6.tgz#8a7088c63a55e493845683ebf3c828d8c51c5503"
  integrity sha512-PiVXnNuFm5+iYkLBNeq5211hvO38y63T0i2KKh2KnUs3RpzJ+JtODFjkD8yjLwnDkTYF1eKXheUwdssR+NRZdg==

normalize-url@^6.0.1:
  version "6.1.0"
  resolved "https://registry.yarnpkg.com/normalize-url/-/normalize-url-6.1.0.tgz#40d0885b535deffe3f3147bec877d05fe4c5668a"
  integrity sha512-DlL+XwOy3NxAQ8xuC0okPgK46iuVNAK01YN7RueYBqqFeGsBjV9XmCAzAdgt+667bCl5kPh9EqKKDwnaPG1I7A==

nth-check@^2.0.1:
  version "2.1.1"
  resolved "https://registry.yarnpkg.com/nth-check/-/nth-check-2.1.1.tgz#c9eab428effce36cd6b92c924bdb000ef1f1ed1d"
  integrity sha512-lqjrjmaOoAnWfMmBPL+XNnynZh2+swxiX3WUE0s4yEHI6m+AwrK2UZOimIRl3X/4QctVqS8AiZjFqyOGrMXb/w==
  dependencies:
    boolbase "^1.0.0"

once@^1.3.1, once@^1.4.0:
  version "1.4.0"
  resolved "https://registry.yarnpkg.com/once/-/once-1.4.0.tgz#583b1aa775961d4b113ac17d9c50baef9dd76bd1"
  integrity sha512-lNaJgI+2Q5URQBkccEKHTQOPaXdUxnZZElQTZY0MFUAuaEqe1E+Nyvgdz/aIyNi6Z9MzO5dv1H8n58/GELp3+w==
  dependencies:
    wrappy "1"

ow@^0.28.1:
  version "0.28.1"
  resolved "https://registry.yarnpkg.com/ow/-/ow-0.28.1.tgz#e7cf19a0994a4ace78f38976f11f2a080f51a570"
  integrity sha512-1EZTywPZeUKac9gD7q8np3Aj+V54kvfIcjNEVNDSbG2Ys5xA5foW2HquvMMqgyWGLqIFMlc0Iq/HmyMHqN48sA==
  dependencies:
    "@sindresorhus/is" "^4.2.0"
    callsites "^3.1.0"
    dot-prop "^6.0.1"
    lodash.isequal "^4.5.0"
    type-fest "^2.3.4"
    vali-date "^1.0.0"

p-cancelable@2.1.1:
  version "2.1.1"
  resolved "https://registry.yarnpkg.com/p-cancelable/-/p-cancelable-2.1.1.tgz#aab7fbd416582fa32a3db49859c122487c5ed2cf"
  integrity sha512-BZOr3nRQHOntUjTrH8+Lh54smKHoHyur8We1V8DSMVrl5A2malOOwuJRnKRDjSnkoeBh4at6BwEnb5I7Jl31wg==

p-debounce@^4.0.0:
  version "4.0.0"
  resolved "https://registry.yarnpkg.com/p-debounce/-/p-debounce-4.0.0.tgz#348e3f44489baa9435cc7d807f17b3bb2fb16b24"
  integrity sha512-4Ispi9I9qYGO4lueiLDhe4q4iK5ERK8reLsuzH6BPaXn53EGaua8H66PXIFGrW897hwjXp+pVLrm/DLxN0RF0A==

p-map@^5.3.0:
  version "5.5.0"
  resolved "https://registry.yarnpkg.com/p-map/-/p-map-5.5.0.tgz#054ca8ca778dfa4cf3f8db6638ccb5b937266715"
  integrity sha512-VFqfGDHlx87K66yZrNdI4YGtD70IRyd+zSvgks6mzHPRNkoKy+9EKP4SFC77/vTTQYmRmti7dvqC+m5jBrBAcg==
  dependencies:
    aggregate-error "^4.0.0"

p-throttle@^5.0.0:
  version "5.0.0"
  resolved "https://registry.yarnpkg.com/p-throttle/-/p-throttle-5.0.0.tgz#b85e9dc56cbf5b54808a2ae29886b0da12537103"
  integrity sha512-iXBFjW4kP/5Ivw7uC9EDnj+/xo3pNn4Rws3zgMGPwXnWTv1M3P0LVdZxLrqRUI5JK0Fp3Du0bt6lCaVrI3WF7g==

parse5-htmlparser2-tree-adapter@^7.0.0:
  version "7.0.0"
  resolved "https://registry.yarnpkg.com/parse5-htmlparser2-tree-adapter/-/parse5-htmlparser2-tree-adapter-7.0.0.tgz#23c2cc233bcf09bb7beba8b8a69d46b08c62c2f1"
  integrity sha512-B77tOZrqqfUfnVcOrUvfdLbz4pu4RopLD/4vmu3HUPswwTA8OH0EMW9BlWR2B0RCoiZRAHEUu7IxeP1Pd1UU+g==
  dependencies:
    domhandler "^5.0.2"
    parse5 "^7.0.0"

parse5@^7.0.0:
  version "7.1.1"
  resolved "https://registry.yarnpkg.com/parse5/-/parse5-7.1.1.tgz#4649f940ccfb95d8754f37f73078ea20afe0c746"
  integrity sha512-kwpuwzB+px5WUg9pyK0IcK/shltJN5/OVhQagxhCQNtT9Y9QRZqNY2e1cmbu/paRh5LMnz/oVTVLBpjFmMZhSg==
  dependencies:
    entities "^4.4.0"

path-type@^4.0.0:
  version "4.0.0"
  resolved "https://registry.yarnpkg.com/path-type/-/path-type-4.0.0.tgz#84ed01c0a7ba380afe09d90a8c180dcd9d03043b"
  integrity sha512-gDKb8aZMDeD/tZWs9P6+q0J9Mwkdl6xMV8TjnGP3qJVJ06bdMgkbBlLU8IdfOsIsFz2BW1rNVT3XuNEl8zPAvw==

peek-readable@^5.0.0:
  version "5.0.0"
  resolved "https://registry.yarnpkg.com/peek-readable/-/peek-readable-5.0.0.tgz#7ead2aff25dc40458c60347ea76cfdfd63efdfec"
  integrity sha512-YtCKvLUOvwtMGmrniQPdO7MwPjgkFBtFIrmfSbYmYuq3tKDV/mcfAhBth1+C3ru7uXIZasc/pHnb+YDYNkkj4A==

picocolors@^1.0.0:
  version "1.0.0"
  resolved "https://registry.yarnpkg.com/picocolors/-/picocolors-1.0.0.tgz#cb5bdc74ff3f51892236eaf79d68bc44564ab81c"
  integrity sha512-1fygroTLlHu66zi26VoTDv8yRgm0Fccecssto+MhsZ0D/DGW2sm8E8AjW7NU5VVTRt5GxbeZ5qBuJr+HyLYkjQ==

picomatch@^2.3.1:
  version "2.3.1"
  resolved "https://registry.yarnpkg.com/picomatch/-/picomatch-2.3.1.tgz#3ba3833733646d9d3e4995946c1365a67fb07a42"
  integrity sha512-JU3teHTNjmE2VCGFzuY8EXzCDVwEqB2a8fsIvwaStHhAWJEeVd1o1QD80CU6+ZdEXXSLbSsuLwJjkCBWqRQUVA==

prompt@^1.3.0:
  version "1.3.0"
  resolved "https://registry.yarnpkg.com/prompt/-/prompt-1.3.0.tgz#b1f6d47cb1b6beed4f0660b470f5d3ec157ad7ce"
  integrity sha512-ZkaRWtaLBZl7KKAKndKYUL8WqNT+cQHKRZnT4RYYms48jQkFw3rrBL+/N5K/KtdEveHkxs982MX2BkDKub2ZMg==
  dependencies:
    "@colors/colors" "1.5.0"
    async "3.2.3"
    read "1.0.x"
    revalidator "0.1.x"
    winston "2.x"

psl@^1.1.33:
  version "1.9.0"
  resolved "https://registry.yarnpkg.com/psl/-/psl-1.9.0.tgz#d0df2a137f00794565fcaf3b2c00cd09f8d5a5a7"
  integrity sha512-E/ZsdU4HLs/68gYzgGTkMicWTLPdAftJLfJFlLUAAKZGkStNU72sZjT66SnMDVOfOWY/YAoiD7Jxa9iHvngcag==

pump@^3.0.0:
  version "3.0.0"
  resolved "https://registry.yarnpkg.com/pump/-/pump-3.0.0.tgz#b4a2116815bde2f4e1ea602354e8c75565107a64"
  integrity sha512-LwZy+p3SFs1Pytd/jYct4wpv49HiYCqd9Rlc5ZVdk0V+8Yzv6jR5Blk3TRmPL1ft69TxP0IMZGJ+WPFU2BFhww==
  dependencies:
    end-of-stream "^1.1.0"
    once "^1.3.1"

punycode@^2.1.1:
  version "2.1.1"
  resolved "https://registry.yarnpkg.com/punycode/-/punycode-2.1.1.tgz#b58b010ac40c22c5657616c8d2c2c02c7bf479ec"
  integrity sha512-XRsRjdf+j5ml+y/6GKHPZbrF/8p2Yga0JPtdqTIY2Xe5ohJPD9saDJJLPvp9+NSBprVvevdXZybnj2cv8OEd0A==

querystringify@^2.1.1:
  version "2.2.0"
  resolved "https://registry.yarnpkg.com/querystringify/-/querystringify-2.2.0.tgz#3345941b4153cb9d082d8eee4cda2016a9aef7f6"
  integrity sha512-FIqgj2EUvTa7R50u0rGsyTftzjYmv/a3hO345bZNrqabNqjtgiDMgmo4mkUjd+nzU5oF3dClKqFIPUKybUyqoQ==

queue-microtask@^1.2.2:
  version "1.2.3"
  resolved "https://registry.yarnpkg.com/queue-microtask/-/queue-microtask-1.2.3.tgz#4929228bbc724dfac43e0efb058caf7b6cfb6243"
  integrity sha512-NuaNSa6flKT5JaSYQzJok04JzTL1CA6aGhv5rfLW3PgqA+M2ChpZQnAC8h8i4ZFkBS8X5RqkDBHA7r4hej3K9A==

quick-lru@^5.1.1:
  version "5.1.1"
  resolved "https://registry.yarnpkg.com/quick-lru/-/quick-lru-5.1.1.tgz#366493e6b3e42a3a6885e2e99d18f80fb7a8c932"
  integrity sha512-WuyALRjWPDGtt/wzJiadO5AXY+8hZ80hVpe6MyivgraREW751X3SbhRvG3eLKOYN+8VEvqLcf3wdnt44Z4S4SA==

read@1.0.x:
  version "1.0.7"
  resolved "https://registry.yarnpkg.com/read/-/read-1.0.7.tgz#b3da19bd052431a97671d44a42634adf710b40c4"
  integrity sha512-rSOKNYUmaxy0om1BNjMN4ezNT6VKK+2xF4GBhc81mkH7L60i6dp8qPYrkndNLT3QPphoII3maL9PVC9XmhHwVQ==
  dependencies:
    mute-stream "~0.0.4"

readable-stream@^3.6.0:
  version "3.6.0"
  resolved "https://registry.yarnpkg.com/readable-stream/-/readable-stream-3.6.0.tgz#337bbda3adc0706bd3e024426a286d4b4b2c9198"
  integrity sha512-BViHy7LKeTz4oNnkcLJ+lVSL6vpiFeX6/d3oSH8zCW7UxP2onchk+vTGB143xuFjHS3deTgkKoXXymXqymiIdA==
  dependencies:
    inherits "^2.0.3"
    string_decoder "^1.1.1"
    util-deprecate "^1.0.1"

readable-web-to-node-stream@^3.0.2:
  version "3.0.2"
  resolved "https://registry.yarnpkg.com/readable-web-to-node-stream/-/readable-web-to-node-stream-3.0.2.tgz#5d52bb5df7b54861fd48d015e93a2cb87b3ee0bb"
  integrity sha512-ePeK6cc1EcKLEhJFt/AebMCLL+GgSKhuygrZ/GLaKZYEecIgIECf4UaUuaByiGtzckwR4ain9VzUh95T1exYGw==
  dependencies:
    readable-stream "^3.6.0"

requires-port@^1.0.0:
  version "1.0.0"
  resolved "https://registry.yarnpkg.com/requires-port/-/requires-port-1.0.0.tgz#925d2601d39ac485e091cf0da5c6e694dc3dcaff"
  integrity sha512-KigOCHcocU3XODJxsu8i/j8T9tzT4adHiecwORRQ0ZZFcp7ahwXuRU1m+yuO90C5ZUyGeGfocHDI14M3L3yDAQ==

resolve-alpn@^1.2.0:
  version "1.2.1"
  resolved "https://registry.yarnpkg.com/resolve-alpn/-/resolve-alpn-1.2.1.tgz#b7adbdac3546aaaec20b45e7d8265927072726f9"
  integrity sha512-0a1F4l73/ZFZOakJnQ3FvkJ2+gSTQWz/r2KE5OdDY0TxPm5h4GkqkWWfM47T7HsbnOtcJVEF4epCVy6u7Q3K+g==

responselike@*:
  version "3.0.0"
  resolved "https://registry.yarnpkg.com/responselike/-/responselike-3.0.0.tgz#20decb6c298aff0dbee1c355ca95461d42823626"
  integrity sha512-40yHxbNcl2+rzXvZuVkrYohathsSJlMTXKryG5y8uciHv1+xDLHQpgjG64JUO9nrEq2jGLH6IZ8BcZyw3wrweg==
  dependencies:
    lowercase-keys "^3.0.0"

responselike@^2.0.0:
  version "2.0.1"
  resolved "https://registry.yarnpkg.com/responselike/-/responselike-2.0.1.tgz#9a0bc8fdc252f3fb1cca68b016591059ba1422bc"
  integrity sha512-4gl03wn3hj1HP3yzgdI7d3lCkF95F21Pz4BPGvKHinyQzALR5CapwC8yIi0Rh58DEMQ/SguC03wFj2k0M/mHhw==
  dependencies:
    lowercase-keys "^2.0.0"

reusify@^1.0.4:
  version "1.0.4"
  resolved "https://registry.yarnpkg.com/reusify/-/reusify-1.0.4.tgz#90da382b1e126efc02146e90845a88db12925d76"
  integrity sha512-U9nH88a3fc/ekCF1l0/UP1IosiuIjyTh7hBvXVMHYgVcfGvt897Xguj2UOLDeI5BG2m7/uwyaLVT6fbtCwTyzw==

revalidator@0.1.x:
  version "0.1.8"
  resolved "https://registry.yarnpkg.com/revalidator/-/revalidator-0.1.8.tgz#fece61bfa0c1b52a206bd6b18198184bdd523a3b"
  integrity sha512-xcBILK2pA9oh4SiinPEZfhP8HfrB/ha+a2fTMyl7Om2WjlDVrOQy99N2MXXlUHqGJz4qEu2duXxHJjDWuK/0xg==

run-parallel@^1.1.9:
  version "1.2.0"
  resolved "https://registry.yarnpkg.com/run-parallel/-/run-parallel-1.2.0.tgz#66d1368da7bdf921eb9d95bd1a9229e7f21a43ee"
  integrity sha512-5l4VyZR86LZ/lDxZTR6jqL8AFE2S0IFLMP26AbjsLVADxHdhB/c0GUsH+y39UfCi3dzz8OlQuPmnaJOMoDHQBA==
  dependencies:
    queue-microtask "^1.2.2"

safe-buffer@~5.2.0:
  version "5.2.1"
  resolved "https://registry.yarnpkg.com/safe-buffer/-/safe-buffer-5.2.1.tgz#1eaf9fa9bdb1fdd4ec75f58f9cdb4e6b7827eec6"
  integrity sha512-rp3So07KcdmmKbGvgaNxQSJr7bGVSVk5S9Eq1F+ppbRo70+YeaDxkw5Dd8NPN+GD6bjnYm2VuPuCXmpuYvmCXQ==

slash@^4.0.0:
  version "4.0.0"
  resolved "https://registry.yarnpkg.com/slash/-/slash-4.0.0.tgz#2422372176c4c6c5addb5e2ada885af984b396a7"
  integrity sha512-3dOsAHXXUkQTpOYcoAxLIorMTp4gIQr5IW3iVb7A7lFIp0VHhnynm9izx6TssdrIcVIESAlVjtnO2K8bg+Coew==

stack-trace@0.0.x:
  version "0.0.10"
  resolved "https://registry.yarnpkg.com/stack-trace/-/stack-trace-0.0.10.tgz#547c70b347e8d32b4e108ea1a2a159e5fdde19c0"
  integrity sha512-KGzahc7puUKkzyMt+IqAep+TVNbKP+k2Lmwhub39m1AsTSkaDutx56aDCo+HLDzf/D26BIHTJWNiTG1KAJiQCg==

string-width@^4.2.3:
  version "4.2.3"
  resolved "https://registry.yarnpkg.com/string-width/-/string-width-4.2.3.tgz#269c7117d27b05ad2e536830a8ec895ef9c6d010"
  integrity sha512-wKyQRQpjJ0sIp62ErSZdGsjMJWsap5oRNihHhu6G7JVO/9jIB6UyevL+tXuOqrng8j/cxKTWyWUwvSTriiZz/g==
  dependencies:
    emoji-regex "^8.0.0"
    is-fullwidth-code-point "^3.0.0"
    strip-ansi "^6.0.1"

string_decoder@^1.1.1:
  version "1.3.0"
  resolved "https://registry.yarnpkg.com/string_decoder/-/string_decoder-1.3.0.tgz#42f114594a46cf1a8e30b0a84f56c78c3edac21e"
  integrity sha512-hkRX8U1WjJFd8LsDJ2yQ/wWWxaopEsABU1XfkM8A+j0+85JAGppt16cr1Whg6KIbb4okU6Mql6BOj+uup/wKeA==
  dependencies:
    safe-buffer "~5.2.0"

strip-ansi@^6.0.1:
  version "6.0.1"
  resolved "https://registry.yarnpkg.com/strip-ansi/-/strip-ansi-6.0.1.tgz#9e26c63d30f53443e9489495b2105d37b67a85d9"
  integrity sha512-Y38VPSHcqkFrCpFnQ9vuSXmquuv5oXOKpGeT6aGrr3o3Gc9AlVa6JBfUSOCnbxGGZF+/0ooI7KrPuUSztUdU5A==
  dependencies:
    ansi-regex "^5.0.1"

strtok3@^7.0.0-alpha.9:
  version "7.0.0"
  resolved "https://registry.yarnpkg.com/strtok3/-/strtok3-7.0.0.tgz#868c428b4ade64a8fd8fee7364256001c1a4cbe5"
  integrity sha512-pQ+V+nYQdC5H3Q7qBZAz/MO6lwGhoC2gOAjuouGf/VO0m7vQRh8QNMl2Uf6SwAtzZ9bOw3UIeBukEGNJl5dtXQ==
  dependencies:
    "@tokenizer/token" "^0.3.0"
    peek-readable "^5.0.0"

to-regex-range@^5.0.1:
  version "5.0.1"
  resolved "https://registry.yarnpkg.com/to-regex-range/-/to-regex-range-5.0.1.tgz#1648c44aae7c8d988a326018ed72f5b4dd0392e4"
  integrity sha512-65P7iz6X5yEr1cwcgvQxbbIw7Uk3gOy5dIdtZ4rDveLqhrdJP+Li/Hx6tyK0NEb+2GCyneCMJiGqrADCSNk8sQ==
  dependencies:
    is-number "^7.0.0"

token-types@^5.0.0-alpha.2:
  version "5.0.1"
  resolved "https://registry.yarnpkg.com/token-types/-/token-types-5.0.1.tgz#aa9d9e6b23c420a675e55413b180635b86a093b4"
  integrity sha512-Y2fmSnZjQdDb9W4w4r1tswlMHylzWIeOKpx0aZH9BgGtACHhrk3OkT52AzwcuqTRBZtvvnTjDBh8eynMulu8Vg==
  dependencies:
    "@tokenizer/token" "^0.3.0"
    ieee754 "^1.2.1"

tough-cookie@^4.0.0:
  version "4.1.2"
  resolved "https://registry.yarnpkg.com/tough-cookie/-/tough-cookie-4.1.2.tgz#e53e84b85f24e0b65dd526f46628db6c85f6b874"
  integrity sha512-G9fqXWoYFZgTc2z8Q5zaHy/vJMjm+WV0AkAeHxVCQiEB1b+dGvWzFW6QV07cY5jQ5gRkeid2qIkzkxUnmoQZUQ==
  dependencies:
    psl "^1.1.33"
    punycode "^2.1.1"
    universalify "^0.2.0"
    url-parse "^1.5.3"

tslib@^2.3.1, tslib@^2.4.0:
  version "2.4.0"
  resolved "https://registry.yarnpkg.com/tslib/-/tslib-2.4.0.tgz#7cecaa7f073ce680a05847aa77be941098f36dc3"
  integrity sha512-d6xOpEDfsi2CZVlPQzGeux8XMwLT9hssAsaPYExaQMuYskwb+x1x7J371tWlbBdWHroy99KnVB6qIkUbs5X3UQ==

type-fest@^2.3.4:
  version "2.19.0"
  resolved "https://registry.yarnpkg.com/type-fest/-/type-fest-2.19.0.tgz#88068015bb33036a598b952e55e9311a60fd3a9b"
  integrity sha512-RAH822pAdBgcNMAfWnCBU3CFZcfZ/i1eZjwFU/dsLKumyuuP3niueg2UAukXYF0E2AAoc82ZSSf9J0WQBinzHA==

typescript@^4.6.3:
  version "4.8.2"
  resolved "https://registry.yarnpkg.com/typescript/-/typescript-4.8.2.tgz#e3b33d5ccfb5914e4eeab6699cf208adee3fd790"
  integrity sha512-C0I1UsrrDHo2fYI5oaCGbSejwX4ch+9Y5jTQELvovfmFkK3HHSZJB8MSJcWLmCUBzQBchCrZ9rMRV6GuNrvGtw==

universalify@^0.2.0:
  version "0.2.0"
  resolved "https://registry.yarnpkg.com/universalify/-/universalify-0.2.0.tgz#6451760566fa857534745ab1dde952d1b1761be0"
  integrity sha512-CJ1QgKmNg3CwvAv/kOFmtnEN05f0D/cn9QntgNOQlQF9dgvVTHj3t+8JPdjqawCHk7V/KA+fbUqzZ9XWhcqPUg==

update-browserslist-db@^1.0.5:
  version "1.0.7"
  resolved "https://registry.yarnpkg.com/update-browserslist-db/-/update-browserslist-db-1.0.7.tgz#16279639cff1d0f800b14792de43d97df2d11b7d"
  integrity sha512-iN/XYesmZ2RmmWAiI4Z5rq0YqSiv0brj9Ce9CfhNE4xIW2h+MFxcgkxIzZ+ShkFPUkjU3gQ+3oypadD3RAMtrg==
  dependencies:
    escalade "^3.1.1"
    picocolors "^1.0.0"

url-parse@^1.5.3:
  version "1.5.10"
  resolved "https://registry.yarnpkg.com/url-parse/-/url-parse-1.5.10.tgz#9d3c2f736c1d75dd3bd2be507dcc111f1e2ea9c1"
  integrity sha512-WypcfiRhfeUP9vvF0j6rw0J3hrWrw6iZv3+22h6iRMJ/8z1Tj6XfLP4DsUix5MhMPnXpiHDoKyoZ/bdCkwBCiQ==
  dependencies:
    querystringify "^2.1.1"
    requires-port "^1.0.0"

util-deprecate@^1.0.1:
  version "1.0.2"
  resolved "https://registry.yarnpkg.com/util-deprecate/-/util-deprecate-1.0.2.tgz#450d4dc9fa70de732762fbd2d4a28981419a0ccf"
  integrity sha512-EPD5q1uXyFxJpCrLnCc1nHnq3gOa6DZBocAIiI2TaSCA7VCJ1UJDMagCzIkXNsUYfD1daK//LTEQ8xiIbrHtcw==

vali-date@^1.0.0:
  version "1.0.0"
  resolved "https://registry.yarnpkg.com/vali-date/-/vali-date-1.0.0.tgz#1b904a59609fb328ef078138420934f6b86709a6"
  integrity sha512-sgECfZthyaCKW10N0fm27cg8HYTFK5qMWgypqkXMQ4Wbl/zZKx7xZICgcoxIIE+WFAP/MBL2EFwC/YvLxw3Zeg==

winston@2.x:
  version "2.4.6"
  resolved "https://registry.yarnpkg.com/winston/-/winston-2.4.6.tgz#da616f332928f70aac482f59b43d62228f29e478"
  integrity sha512-J5Zu4p0tojLde8mIOyDSsmLmcP8I3Z6wtwpTDHx1+hGcdhxcJaAmG4CFtagkb+NiN1M9Ek4b42pzMWqfc9jm8w==
  dependencies:
    async "^3.2.3"
    colors "1.0.x"
    cycle "1.0.x"
    eyes "0.1.x"
    isstream "0.1.x"
    stack-trace "0.0.x"

wrappy@1:
  version "1.0.2"
  resolved "https://registry.yarnpkg.com/wrappy/-/wrappy-1.0.2.tgz#b5243d8f3ec1aa35f1364605bc0d1036e30ab69f"
  integrity sha512-l4Sp/DRseor9wL6EvV2+TuQn63dMkPjZ/sp9XkghTEbV9KlPS1xUsZ3u7/IQO4wxtcFB4bgpQPRcR3QCvezPcQ==
